
Microsoft Visual Studio Solution File, Format Version 12.00
Project("{FAE04EC0-301F-11D3-BF4B-00C04F79EFBC}") = "LivinParisVF", "LivinParisVF\LivinParisVF.csproj", "{0083A9D6-5400-4E1F-9B7B-70CEC68E801F}"
EndProject
Project("{FAE04EC0-301F-11D3-BF4B-00C04F79EFBC}") = "TestProject1", "TestProject1\TestProject1.csproj", "{B89D2AFC-8FE5-4DC4-BD4F-7FDFF7D0F2AB}"
EndProject
Global
	GlobalSection(SolutionConfigurationPlatforms) = preSolution
		Debug|Any CPU = Debug|Any CPU
		Release|Any CPU = Release|Any CPU
	EndGlobalSection
	GlobalSection(ProjectConfigurationPlatforms) = postSolution
		{0083A9D6-5400-4E1F-9B7B-70CEC68E801F}.Debug|Any CPU.ActiveCfg = Debug|Any CPU
		{0083A9D6-5400-4E1F-9B7B-70CEC68E801F}.Debug|Any CPU.Build.0 = Debug|Any CPU
		{0083A9D6-5400-4E1F-9B7B-70CEC68E801F}.Release|Any CPU.ActiveCfg = Release|Any CPU
		{0083A9D6-5400-4E1F-9B7B-70CEC68E801F}.Release|Any CPU.Build.0 = Release|Any CPU
		{B89D2AFC-8FE5-4DC4-BD4F-7FDFF7D0F2AB}.Debug|Any CPU.ActiveCfg = Debug|Any CPU
		{B89D2AFC-8FE5-4DC4-BD4F-7FDFF7D0F2AB}.Debug|Any CPU.Build.0 = Debug|Any CPU
		{B89D2AFC-8FE5-4DC4-BD4F-7FDFF7D0F2AB}.Release|Any CPU.ActiveCfg = Release|Any CPU
		{B89D2AFC-8FE5-4DC4-BD4F-7FDFF7D0F2AB}.Release|Any CPU.Build.0 = Release|Any CPU
	EndGlobalSection
EndGlobal
